{
  "name": "@rainder/geo-tz",
  "version": "0.0.3",
  "lockfileVersion": 1,
  "requires": true,
  "dependencies": {
    "@rainder/point-in-polygon": {
      "version": "0.0.2",
      "resolved": "https://registry.npmjs.org/@rainder/point-in-polygon/-/point-in-polygon-0.0.2.tgz",
      "integrity": "sha1-TnNvRElexgWLUL47fbgc2vA6dSw="
    },
    "array-source": {
      "version": "https://registry.npmjs.org/array-source/-/array-source-0.0.3.tgz",
      "integrity": "sha1-buY1djxPtM2ZkPh2Mhyynm193tE="
    },
    "commander": {
      "version": "https://registry.npmjs.org/commander/-/commander-2.9.0.tgz",
      "integrity": "sha1-nJkJQXbhIkDLItbFFGCYQA/g99Q=",
      "requires": {
        "graceful-readlink": "https://registry.npmjs.org/graceful-readlink/-/graceful-readlink-1.0.1.tgz"
      }
    },
    "compute-deg2rad": {
      "version": "https://registry.npmjs.org/compute-deg2rad/-/compute-deg2rad-1.0.0.tgz",
      "integrity": "sha1-jSPSJRt0u3PJVS00XmX/SrGFCws="
    },
    "compute-rad2deg": {
      "version": "https://registry.npmjs.org/compute-rad2deg/-/compute-rad2deg-1.0.0.tgz",
      "integrity": "sha1-b916/nMEoIp1pyE6XQ1m67OOKtg="
    },
    "file-source": {
      "version": "https://registry.npmjs.org/file-source/-/file-source-0.6.1.tgz",
      "integrity": "sha1-rhidSZN2a4Zad/g63Pm5pQTNN9w=",
      "requires": {
        "stream-source": "https://registry.npmjs.org/stream-source/-/stream-source-0.3.4.tgz"
      }
    },
    "geo-point": {
      "version": "https://registry.npmjs.org/geo-point/-/geo-point-1.1.2.tgz",
      "integrity": "sha1-55UppEWWjVUD5JTS3p/YAG2XcrI=",
      "requires": {
        "compute-deg2rad": "https://registry.npmjs.org/compute-deg2rad/-/compute-deg2rad-1.0.0.tgz",
        "compute-rad2deg": "https://registry.npmjs.org/compute-rad2deg/-/compute-rad2deg-1.0.0.tgz",
        "lodash": "https://registry.npmjs.org/lodash/-/lodash-4.17.4.tgz"
      }
    },
    "graceful-readlink": {
      "version": "https://registry.npmjs.org/graceful-readlink/-/graceful-readlink-1.0.1.tgz",
      "integrity": "sha1-TK+tdrxi8C+gObL5Tpo906ORpyU="
    },
    "lodash": {
      "version": "https://registry.npmjs.org/lodash/-/lodash-4.17.4.tgz",
      "integrity": "sha1-eCA6TRwyiuHYbcpkYONptX9AVa4="
    },
    "path-source": {
      "version": "https://registry.npmjs.org/path-source/-/path-source-0.1.2.tgz",
      "integrity": "sha1-xaJsRPuSzTK5MOjkmx/ldQ8spws=",
      "requires": {
        "array-source": "https://registry.npmjs.org/array-source/-/array-source-0.0.3.tgz",
        "file-source": "https://registry.npmjs.org/file-source/-/file-source-0.6.1.tgz"
      }
    },
    "shapefile": {
      "version": "https://registry.npmjs.org/shapefile/-/shapefile-0.5.10.tgz",
      "integrity": "sha1-PJX4I7DcWZBXuH5jkketTGJUYX8=",
      "requires": {
        "array-source": "https://registry.npmjs.org/array-source/-/array-source-0.0.3.tgz",
        "commander": "https://registry.npmjs.org/commander/-/commander-2.9.0.tgz",
        "path-source": "https://registry.npmjs.org/path-source/-/path-source-0.1.2.tgz",
        "slice-source": "https://registry.npmjs.org/slice-source/-/slice-source-0.4.1.tgz",
        "stream-source": "https://registry.npmjs.org/stream-source/-/stream-source-0.3.4.tgz",
        "text-encoding": "https://registry.npmjs.org/text-encoding/-/text-encoding-0.6.1.tgz"
      }
    },
    "slice-source": {
      "version": "https://registry.npmjs.org/slice-source/-/slice-source-0.4.1.tgz",
      "integrity": "sha1-QKV6wDxmaLXaIA4FN44AC/KmHXk="
    },
    "stream-source": {
      "version": "https://registry.npmjs.org/stream-source/-/stream-source-0.3.4.tgz",
      "integrity": "sha1-BCfB+xKLC9LYhNho3MiUII+b2js="
    },
    "text-encoding": {
      "version": "https://registry.npmjs.org/text-encoding/-/text-encoding-0.6.1.tgz",
      "integrity": "sha1-TeETDmHVDdhnBAQoqhVlbv3cscg="
    }
  }
}
